// !$*UTF8*$!
{
	archiveVersion = 1;
	classes = {
	};
	objectVersion = 56;
	objects = {

/* Begin PBXBuildFile section */
		27A27EE72C134B6F00DD0F76 /* TrainMyPlanApp.swift in Sources */ = {isa = PBXBuildFile; fileRef = 27A27EE62C134B6F00DD0F76 /* TrainMyPlanApp.swift */; };
		27A27EE92C134B6F00DD0F76 /* ContentView.swift in Sources */ = {isa = PBXBuildFile; fileRef = 27A27EE82C134B6F00DD0F76 /* ContentView.swift */; };
		27A27EEB2C134B7000DD0F76 /* Assets.xcassets in Resources */ = {isa = PBXBuildFile; fileRef = 27A27EEA2C134B7000DD0F76 /* Assets.xcassets */; };
		27A27EEE2C134B7000DD0F76 /* Preview Assets.xcassets in Resources */ = {isa = PBXBuildFile; fileRef = 27A27EED2C134B7000DD0F76 /* Preview Assets.xcassets */; };
		27A27EF82C134B7100DD0F76 /* TrainMyPlanTests.swift in Sources */ = {isa = PBXBuildFile; fileRef = 27A27EF72C134B7100DD0F76 /* TrainMyPlanTests.swift */; };
		27A27F022C134B7100DD0F76 /* TrainMyPlanUITests.swift in Sources */ = {isa = PBXBuildFile; fileRef = 27A27F012C134B7100DD0F76 /* TrainMyPlanUITests.swift */; };
		27A27F042C134B7100DD0F76 /* TrainMyPlanUITestsLaunchTests.swift in Sources */ = {isa = PBXBuildFile; fileRef = 27A27F032C134B7100DD0F76 /* TrainMyPlanUITestsLaunchTests.swift */; };
		27A27F122C134C1C00DD0F76 /* EditView.swift in Sources */ = {isa = PBXBuildFile; fileRef = 27A27F112C134C1C00DD0F76 /* EditView.swift */; };
		27A27F142C134C5600DD0F76 /* GoView.swift in Sources */ = {isa = PBXBuildFile; fileRef = 27A27F132C134C5600DD0F76 /* GoView.swift */; };
		27A27F172C134E7700DD0F76 /* Workout.swift in Sources */ = {isa = PBXBuildFile; fileRef = 27A27F162C134E7700DD0F76 /* Workout.swift */; };
		27A27F1A2C134ED500DD0F76 /* Exercise.swift in Sources */ = {isa = PBXBuildFile; fileRef = 27A27F192C134ED500DD0F76 /* Exercise.swift */; };
		27A27F1E2C13543500DD0F76 /* EditableItemView.swift in Sources */ = {isa = PBXBuildFile; fileRef = 27A27F1D2C13543500DD0F76 /* EditableItemView.swift */; };
		27A27F212C13558900DD0F76 /* EditItemView.swift in Sources */ = {isa = PBXBuildFile; fileRef = 27A27F202C13558900DD0F76 /* EditItemView.swift */; };
		27A27F272C135C2000DD0F76 /* CenteredHeadline.swift in Sources */ = {isa = PBXBuildFile; fileRef = 27A27F262C135C2000DD0F76 /* CenteredHeadline.swift */; };
		27A27F292C135D7000DD0F76 /* EditExerciseView.swift in Sources */ = {isa = PBXBuildFile; fileRef = 27A27F282C135D7000DD0F76 /* EditExerciseView.swift */; };
		27A27F2B2C135DB500DD0F76 /* EditableExerciseView.swift in Sources */ = {isa = PBXBuildFile; fileRef = 27A27F2A2C135DB500DD0F76 /* EditableExerciseView.swift */; };
		27A27F302C143D2F00DD0F76 /* NumberTextInputField.swift in Sources */ = {isa = PBXBuildFile; fileRef = 27A27F2F2C143D2F00DD0F76 /* NumberTextInputField.swift */; };
		27A27F322C14477600DD0F76 /* SettingsView.swift in Sources */ = {isa = PBXBuildFile; fileRef = 27A27F312C14477600DD0F76 /* SettingsView.swift */; };
		27A27F342C147EC100DD0F76 /* FloatNumberTextInputField.swift in Sources */ = {isa = PBXBuildFile; fileRef = 27A27F332C147EC100DD0F76 /* FloatNumberTextInputField.swift */; };
/* End PBXBuildFile section */

/* Begin PBXContainerItemProxy section */
		27A27EF42C134B7100DD0F76 /* PBXContainerItemProxy */ = {
			isa = PBXContainerItemProxy;
			containerPortal = 27A27EDB2C134B6F00DD0F76 /* Project object */;
			proxyType = 1;
			remoteGlobalIDString = 27A27EE22C134B6F00DD0F76;
			remoteInfo = TrainMyPlan;
		};
		27A27EFE2C134B7100DD0F76 /* PBXContainerItemProxy */ = {
			isa = PBXContainerItemProxy;
			containerPortal = 27A27EDB2C134B6F00DD0F76 /* Project object */;
			proxyType = 1;
			remoteGlobalIDString = 27A27EE22C134B6F00DD0F76;
			remoteInfo = TrainMyPlan;
		};
/* End PBXContainerItemProxy section */

/* Begin PBXFileReference section */
		27A27EE32C134B6F00DD0F76 /* TrainMyPlan.app */ = {isa = PBXFileReference; explicitFileType = wrapper.application; includeInIndex = 0; path = TrainMyPlan.app; sourceTree = BUILT_PRODUCTS_DIR; };
		27A27EE62C134B6F00DD0F76 /* TrainMyPlanApp.swift */ = {isa = PBXFileReference; lastKnownFileType = sourcecode.swift; path = TrainMyPlanApp.swift; sourceTree = "<group>"; };
		27A27EE82C134B6F00DD0F76 /* ContentView.swift */ = {isa = PBXFileReference; lastKnownFileType = sourcecode.swift; path = ContentView.swift; sourceTree = "<group>"; };
		27A27EEA2C134B7000DD0F76 /* Assets.xcassets */ = {isa = PBXFileReference; lastKnownFileType = folder.assetcatalog; path = Assets.xcassets; sourceTree = "<group>"; };
		27A27EED2C134B7000DD0F76 /* Preview Assets.xcassets */ = {isa = PBXFileReference; lastKnownFileType = folder.assetcatalog; path = "Preview Assets.xcassets"; sourceTree = "<group>"; };
		27A27EF32C134B7100DD0F76 /* TrainMyPlanTests.xctest */ = {isa = PBXFileReference; explicitFileType = wrapper.cfbundle; includeInIndex = 0; path = TrainMyPlanTests.xctest; sourceTree = BUILT_PRODUCTS_DIR; };
		27A27EF72C134B7100DD0F76 /* TrainMyPlanTests.swift */ = {isa = PBXFileReference; lastKnownFileType = sourcecode.swift; path = TrainMyPlanTests.swift; sourceTree = "<group>"; };
		27A27EFD2C134B7100DD0F76 /* TrainMyPlanUITests.xctest */ = {isa = PBXFileReference; explicitFileType = wrapper.cfbundle; includeInIndex = 0; path = TrainMyPlanUITests.xctest; sourceTree = BUILT_PRODUCTS_DIR; };
		27A27F012C134B7100DD0F76 /* TrainMyPlanUITests.swift */ = {isa = PBXFileReference; lastKnownFileType = sourcecode.swift; path = TrainMyPlanUITests.swift; sourceTree = "<group>"; };
		27A27F032C134B7100DD0F76 /* TrainMyPlanUITestsLaunchTests.swift */ = {isa = PBXFileReference; lastKnownFileType = sourcecode.swift; path = TrainMyPlanUITestsLaunchTests.swift; sourceTree = "<group>"; };
		27A27F112C134C1C00DD0F76 /* EditView.swift */ = {isa = PBXFileReference; lastKnownFileType = sourcecode.swift; path = EditView.swift; sourceTree = "<group>"; };
		27A27F132C134C5600DD0F76 /* GoView.swift */ = {isa = PBXFileReference; lastKnownFileType = sourcecode.swift; path = GoView.swift; sourceTree = "<group>"; };
		27A27F162C134E7700DD0F76 /* Workout.swift */ = {isa = PBXFileReference; lastKnownFileType = sourcecode.swift; path = Workout.swift; sourceTree = "<group>"; };
		27A27F192C134ED500DD0F76 /* Exercise.swift */ = {isa = PBXFileReference; lastKnownFileType = sourcecode.swift; path = Exercise.swift; sourceTree = "<group>"; };
		27A27F1D2C13543500DD0F76 /* EditableItemView.swift */ = {isa = PBXFileReference; lastKnownFileType = sourcecode.swift; path = EditableItemView.swift; sourceTree = "<group>"; };
		27A27F202C13558900DD0F76 /* EditItemView.swift */ = {isa = PBXFileReference; lastKnownFileType = sourcecode.swift; path = EditItemView.swift; sourceTree = "<group>"; };
		27A27F262C135C2000DD0F76 /* CenteredHeadline.swift */ = {isa = PBXFileReference; lastKnownFileType = sourcecode.swift; path = CenteredHeadline.swift; sourceTree = "<group>"; };
		27A27F282C135D7000DD0F76 /* EditExerciseView.swift */ = {isa = PBXFileReference; lastKnownFileType = sourcecode.swift; path = EditExerciseView.swift; sourceTree = "<group>"; };
		27A27F2A2C135DB500DD0F76 /* EditableExerciseView.swift */ = {isa = PBXFileReference; lastKnownFileType = sourcecode.swift; path = EditableExerciseView.swift; sourceTree = "<group>"; };
		27A27F2F2C143D2F00DD0F76 /* NumberTextInputField.swift */ = {isa = PBXFileReference; lastKnownFileType = sourcecode.swift; path = NumberTextInputField.swift; sourceTree = "<group>"; };
		27A27F312C14477600DD0F76 /* SettingsView.swift */ = {isa = PBXFileReference; lastKnownFileType = sourcecode.swift; path = SettingsView.swift; sourceTree = "<group>"; };
		27A27F332C147EC100DD0F76 /* FloatNumberTextInputField.swift */ = {isa = PBXFileReference; lastKnownFileType = sourcecode.swift; path = FloatNumberTextInputField.swift; sourceTree = "<group>"; };
/* End PBXFileReference section */

/* Begin PBXFrameworksBuildPhase section */
		27A27EE02C134B6F00DD0F76 /* Frameworks */ = {
			isa = PBXFrameworksBuildPhase;
			buildActionMask = 2147483647;
			files = (
			);
			runOnlyForDeploymentPostprocessing = 0;
		};
		27A27EF02C134B7100DD0F76 /* Frameworks */ = {
			isa = PBXFrameworksBuildPhase;
			buildActionMask = 2147483647;
			files = (
			);
			runOnlyForDeploymentPostprocessing = 0;
		};
		27A27EFA2C134B7100DD0F76 /* Frameworks */ = {
			isa = PBXFrameworksBuildPhase;
			buildActionMask = 2147483647;
			files = (
			);
			runOnlyForDeploymentPostprocessing = 0;
		};
/* End PBXFrameworksBuildPhase section */

/* Begin PBXGroup section */
		27A27EDA2C134B6F00DD0F76 = {
			isa = PBXGroup;
			children = (
				27A27EE52C134B6F00DD0F76 /* TrainMyPlan */,
				27A27EF62C134B7100DD0F76 /* TrainMyPlanTests */,
				27A27F002C134B7100DD0F76 /* TrainMyPlanUITests */,
				27A27EE42C134B6F00DD0F76 /* Products */,
			);
			sourceTree = "<group>";
		};
		27A27EE42C134B6F00DD0F76 /* Products */ = {
			isa = PBXGroup;
			children = (
				27A27EE32C134B6F00DD0F76 /* TrainMyPlan.app */,
				27A27EF32C134B7100DD0F76 /* TrainMyPlanTests.xctest */,
				27A27EFD2C134B7100DD0F76 /* TrainMyPlanUITests.xctest */,
			);
			name = Products;
			sourceTree = "<group>";
		};
		27A27EE52C134B6F00DD0F76 /* TrainMyPlan */ = {
			isa = PBXGroup;
			children = (
				27A27F252C135C1600DD0F76 /* Util */,
				27A27F152C134E6500DD0F76 /* Model */,
				27A27F102C134C1200DD0F76 /* Views */,
				27A27EE62C134B6F00DD0F76 /* TrainMyPlanApp.swift */,
				27A27EE82C134B6F00DD0F76 /* ContentView.swift */,
				27A27EEA2C134B7000DD0F76 /* Assets.xcassets */,
				27A27EEC2C134B7000DD0F76 /* Preview Content */,
			);
			path = TrainMyPlan;
			sourceTree = "<group>";
		};
		27A27EEC2C134B7000DD0F76 /* Preview Content */ = {
			isa = PBXGroup;
			children = (
				27A27EED2C134B7000DD0F76 /* Preview Assets.xcassets */,
			);
			path = "Preview Content";
			sourceTree = "<group>";
		};
		27A27EF62C134B7100DD0F76 /* TrainMyPlanTests */ = {
			isa = PBXGroup;
			children = (
				27A27EF72C134B7100DD0F76 /* TrainMyPlanTests.swift */,
			);
			path = TrainMyPlanTests;
			sourceTree = "<group>";
		};
		27A27F002C134B7100DD0F76 /* TrainMyPlanUITests */ = {
			isa = PBXGroup;
			children = (
				27A27F012C134B7100DD0F76 /* TrainMyPlanUITests.swift */,
				27A27F032C134B7100DD0F76 /* TrainMyPlanUITestsLaunchTests.swift */,
			);
			path = TrainMyPlanUITests;
			sourceTree = "<group>";
		};
		27A27F102C134C1200DD0F76 /* Views */ = {
			isa = PBXGroup;
			children = (
				27A27F112C134C1C00DD0F76 /* EditView.swift */,
				27A27F132C134C5600DD0F76 /* GoView.swift */,
				27A27F1D2C13543500DD0F76 /* EditableItemView.swift */,
				27A27F202C13558900DD0F76 /* EditItemView.swift */,
				27A27F282C135D7000DD0F76 /* EditExerciseView.swift */,
				27A27F2A2C135DB500DD0F76 /* EditableExerciseView.swift */,
				27A27F312C14477600DD0F76 /* SettingsView.swift */,
			);
			path = Views;
			sourceTree = "<group>";
		};
		27A27F152C134E6500DD0F76 /* Model */ = {
			isa = PBXGroup;
			children = (
				27A27F162C134E7700DD0F76 /* Workout.swift */,
				27A27F192C134ED500DD0F76 /* Exercise.swift */,
			);
			path = Model;
			sourceTree = "<group>";
		};
		27A27F252C135C1600DD0F76 /* Util */ = {
			isa = PBXGroup;
			children = (
				27A27F262C135C2000DD0F76 /* CenteredHeadline.swift */,
				27A27F2F2C143D2F00DD0F76 /* NumberTextInputField.swift */,
				27A27F332C147EC100DD0F76 /* FloatNumberTextInputField.swift */,
			);
			path = Util;
			sourceTree = "<group>";
		};
/* End PBXGroup section */

/* Begin PBXNativeTarget section */
		27A27EE22C134B6F00DD0F76 /* TrainMyPlan */ = {
			isa = PBXNativeTarget;
			buildConfigurationList = 27A27F072C134B7100DD0F76 /* Build configuration list for PBXNativeTarget "TrainMyPlan" */;
			buildPhases = (
				27A27EDF2C134B6F00DD0F76 /* Sources */,
				27A27EE02C134B6F00DD0F76 /* Frameworks */,
				27A27EE12C134B6F00DD0F76 /* Resources */,
			);
			buildRules = (
			);
			dependencies = (
			);
			name = TrainMyPlan;
			productName = TrainMyPlan;
			productReference = 27A27EE32C134B6F00DD0F76 /* TrainMyPlan.app */;
			productType = "com.apple.product-type.application";
		};
		27A27EF22C134B7100DD0F76 /* TrainMyPlanTests */ = {
			isa = PBXNativeTarget;
			buildConfigurationList = 27A27F0A2C134B7100DD0F76 /* Build configuration list for PBXNativeTarget "TrainMyPlanTests" */;
			buildPhases = (
				27A27EEF2C134B7100DD0F76 /* Sources */,
				27A27EF02C134B7100DD0F76 /* Frameworks */,
				27A27EF12C134B7100DD0F76 /* Resources */,
			);
			buildRules = (
			);
			dependencies = (
				27A27EF52C134B7100DD0F76 /* PBXTargetDependency */,
			);
			name = TrainMyPlanTests;
			productName = TrainMyPlanTests;
			productReference = 27A27EF32C134B7100DD0F76 /* TrainMyPlanTests.xctest */;
			productType = "com.apple.product-type.bundle.unit-test";
		};
		27A27EFC2C134B7100DD0F76 /* TrainMyPlanUITests */ = {
			isa = PBXNativeTarget;
			buildConfigurationList = 27A27F0D2C134B7100DD0F76 /* Build configuration list for PBXNativeTarget "TrainMyPlanUITests" */;
			buildPhases = (
				27A27EF92C134B7100DD0F76 /* Sources */,
				27A27EFA2C134B7100DD0F76 /* Frameworks */,
				27A27EFB2C134B7100DD0F76 /* Resources */,
			);
			buildRules = (
			);
			dependencies = (
				27A27EFF2C134B7100DD0F76 /* PBXTargetDependency */,
			);
			name = TrainMyPlanUITests;
			productName = TrainMyPlanUITests;
			productReference = 27A27EFD2C134B7100DD0F76 /* TrainMyPlanUITests.xctest */;
			productType = "com.apple.product-type.bundle.ui-testing";
		};
/* End PBXNativeTarget section */

/* Begin PBXProject section */
		27A27EDB2C134B6F00DD0F76 /* Project object */ = {
			isa = PBXProject;
			attributes = {
				BuildIndependentTargetsInParallel = 1;
				LastSwiftUpdateCheck = 1540;
				LastUpgradeCheck = 1540;
				TargetAttributes = {
					27A27EE22C134B6F00DD0F76 = {
						CreatedOnToolsVersion = 15.4;
					};
					27A27EF22C134B7100DD0F76 = {
						CreatedOnToolsVersion = 15.4;
						TestTargetID = 27A27EE22C134B6F00DD0F76;
					};
					27A27EFC2C134B7100DD0F76 = {
						CreatedOnToolsVersion = 15.4;
						TestTargetID = 27A27EE22C134B6F00DD0F76;
					};
				};
			};
			buildConfigurationList = 27A27EDE2C134B6F00DD0F76 /* Build configuration list for PBXProject "TrainMyPlan" */;
			compatibilityVersion = "Xcode 14.0";
			developmentRegion = en;
			hasScannedForEncodings = 0;
			knownRegions = (
				en,
				Base,
			);
			mainGroup = 27A27EDA2C134B6F00DD0F76;
			productRefGroup = 27A27EE42C134B6F00DD0F76 /* Products */;
			projectDirPath = "";
			projectRoot = "";
			targets = (
				27A27EE22C134B6F00DD0F76 /* TrainMyPlan */,
				27A27EF22C134B7100DD0F76 /* TrainMyPlanTests */,
				27A27EFC2C134B7100DD0F76 /* TrainMyPlanUITests */,
			);
		};
/* End PBXProject section */

/* Begin PBXResourcesBuildPhase section */
		27A27EE12C134B6F00DD0F76 /* Resources */ = {
			isa = PBXResourcesBuildPhase;
			buildActionMask = 2147483647;
			files = (
				27A27EEE2C134B7000DD0F76 /* Preview Assets.xcassets in Resources */,
				27A27EEB2C134B7000DD0F76 /* Assets.xcassets in Resources */,
			);
			runOnlyForDeploymentPostprocessing = 0;
		};
		27A27EF12C134B7100DD0F76 /* Resources */ = {
			isa = PBXResourcesBuildPhase;
			buildActionMask = 2147483647;
			files = (
			);
			runOnlyForDeploymentPostprocessing = 0;
		};
		27A27EFB2C134B7100DD0F76 /* Resources */ = {
			isa = PBXResourcesBuildPhase;
			buildActionMask = 2147483647;
			files = (
			);
			runOnlyForDeploymentPostprocessing = 0;
		};
/* End PBXResourcesBuildPhase section */

/* Begin PBXSourcesBuildPhase section */
		27A27EDF2C134B6F00DD0F76 /* Sources */ = {
			isa = PBXSourcesBuildPhase;
			buildActionMask = 2147483647;
			files = (
				27A27F142C134C5600DD0F76 /* GoView.swift in Sources */,
				27A27EE92C134B6F00DD0F76 /* ContentView.swift in Sources */,
				27A27F292C135D7000DD0F76 /* EditExerciseView.swift in Sources */,
				27A27F2B2C135DB500DD0F76 /* EditableExerciseView.swift in Sources */,
				27A27EE72C134B6F00DD0F76 /* TrainMyPlanApp.swift in Sources */,
				27A27F172C134E7700DD0F76 /* Workout.swift in Sources */,
				27A27F342C147EC100DD0F76 /* FloatNumberTextInputField.swift in Sources */,
				27A27F122C134C1C00DD0F76 /* EditView.swift in Sources */,
				27A27F212C13558900DD0F76 /* EditItemView.swift in Sources */,
				27A27F1E2C13543500DD0F76 /* EditableItemView.swift in Sources */,
				27A27F272C135C2000DD0F76 /* CenteredHeadline.swift in Sources */,
				27A27F1A2C134ED500DD0F76 /* Exercise.swift in Sources */,
				27A27F302C143D2F00DD0F76 /* NumberTextInputField.swift in Sources */,
				27A27F322C14477600DD0F76 /* SettingsView.swift in Sources */,
			);
			runOnlyForDeploymentPostprocessing = 0;
		};
		27A27EEF2C134B7100DD0F76 /* Sources */ = {
			isa = PBXSourcesBuildPhase;
			buildActionMask = 2147483647;
			files = (
				27A27EF82C134B7100DD0F76 /* TrainMyPlanTests.swift in Sources */,
			);
			runOnlyForDeploymentPostprocessing = 0;
		};
		27A27EF92C134B7100DD0F76 /* Sources */ = {
			isa = PBXSourcesBuildPhase;
			buildActionMask = 2147483647;
			files = (
				27A27F042C134B7100DD0F76 /* TrainMyPlanUITestsLaunchTests.swift in Sources */,
				27A27F022C134B7100DD0F76 /* TrainMyPlanUITests.swift in Sources */,
			);
			runOnlyForDeploymentPostprocessing = 0;
		};
/* End PBXSourcesBuildPhase section */

/* Begin PBXTargetDependency section */
		27A27EF52C134B7100DD0F76 /* PBXTargetDependency */ = {
			isa = PBXTargetDependency;
			target = 27A27EE22C134B6F00DD0F76 /* TrainMyPlan */;
			targetProxy = 27A27EF42C134B7100DD0F76 /* PBXContainerItemProxy */;
		};
		27A27EFF2C134B7100DD0F76 /* PBXTargetDependency */ = {
			isa = PBXTargetDependency;
			target = 27A27EE22C134B6F00DD0F76 /* TrainMyPlan */;
			targetProxy = 27A27EFE2C134B7100DD0F76 /* PBXContainerItemProxy */;
		};
/* End PBXTargetDependency section */

/* Begin XCBuildConfiguration section */
		27A27F052C134B7100DD0F76 /* Debug */ = {
			isa = XCBuildConfiguration;
			buildSettings = {
				ALWAYS_SEARCH_USER_PATHS = NO;
				ASSETCATALOG_COMPILER_GENERATE_SWIFT_ASSET_SYMBOL_EXTENSIONS = YES;
				CLANG_ANALYZER_NONNULL = YES;
				CLANG_ANALYZER_NUMBER_OBJECT_CONVERSION = YES_AGGRESSIVE;
				CLANG_CXX_LANGUAGE_STANDARD = "gnu++20";
				CLANG_ENABLE_MODULES = YES;
				CLANG_ENABLE_OBJC_ARC = YES;
				CLANG_ENABLE_OBJC_WEAK = YES;
				CLANG_WARN_BLOCK_CAPTURE_AUTORELEASING = YES;
				CLANG_WARN_BOOL_CONVERSION = YES;
				CLANG_WARN_COMMA = YES;
				CLANG_WARN_CONSTANT_CONVERSION = YES;
				CLANG_WARN_DEPRECATED_OBJC_IMPLEMENTATIONS = YES;
				CLANG_WARN_DIRECT_OBJC_ISA_USAGE = YES_ERROR;
				CLANG_WARN_DOCUMENTATION_COMMENTS = YES;
				CLANG_WARN_EMPTY_BODY = YES;
				CLANG_WARN_ENUM_CONVERSION = YES;
				CLANG_WARN_INFINITE_RECURSION = YES;
				CLANG_WARN_INT_CONVERSION = YES;
				CLANG_WARN_NON_LITERAL_NULL_CONVERSION = YES;
				CLANG_WARN_OBJC_IMPLICIT_RETAIN_SELF = YES;
				CLANG_WARN_OBJC_LITERAL_CONVERSION = YES;
				CLANG_WARN_OBJC_ROOT_CLASS = YES_ERROR;
				CLANG_WARN_QUOTED_INCLUDE_IN_FRAMEWORK_HEADER = YES;
				CLANG_WARN_RANGE_LOOP_ANALYSIS = YES;
				CLANG_WARN_STRICT_PROTOTYPES = YES;
				CLANG_WARN_SUSPICIOUS_MOVE = YES;
				CLANG_WARN_UNGUARDED_AVAILABILITY = YES_AGGRESSIVE;
				CLANG_WARN_UNREACHABLE_CODE = YES;
				CLANG_WARN__DUPLICATE_METHOD_MATCH = YES;
				COPY_PHASE_STRIP = NO;
				DEBUG_INFORMATION_FORMAT = dwarf;
				ENABLE_STRICT_OBJC_MSGSEND = YES;
				ENABLE_TESTABILITY = YES;
				ENABLE_USER_SCRIPT_SANDBOXING = YES;
				GCC_C_LANGUAGE_STANDARD = gnu17;
				GCC_DYNAMIC_NO_PIC = NO;
				GCC_NO_COMMON_BLOCKS = YES;
				GCC_OPTIMIZATION_LEVEL = 0;
				GCC_PREPROCESSOR_DEFINITIONS = (
					"DEBUG=1",
					"$(inherited)",
				);
				GCC_WARN_64_TO_32_BIT_CONVERSION = YES;
				GCC_WARN_ABOUT_RETURN_TYPE = YES_ERROR;
				GCC_WARN_UNDECLARED_SELECTOR = YES;
				GCC_WARN_UNINITIALIZED_AUTOS = YES_AGGRESSIVE;
				GCC_WARN_UNUSED_FUNCTION = YES;
				GCC_WARN_UNUSED_VARIABLE = YES;
				IPHONEOS_DEPLOYMENT_TARGET = 17.5;
				LOCALIZATION_PREFERS_STRING_CATALOGS = YES;
				MTL_ENABLE_DEBUG_INFO = INCLUDE_SOURCE;
				MTL_FAST_MATH = YES;
				ONLY_ACTIVE_ARCH = YES;
				SDKROOT = iphoneos;
				SWIFT_ACTIVE_COMPILATION_CONDITIONS = "DEBUG $(inherited)";
				SWIFT_OPTIMIZATION_LEVEL = "-Onone";
			};
			name = Debug;
		};
		27A27F062C134B7100DD0F76 /* Release */ = {
			isa = XCBuildConfiguration;
			buildSettings = {
				ALWAYS_SEARCH_USER_PATHS = NO;
				ASSETCATALOG_COMPILER_GENERATE_SWIFT_ASSET_SYMBOL_EXTENSIONS = YES;
				CLANG_ANALYZER_NONNULL = YES;
				CLANG_ANALYZER_NUMBER_OBJECT_CONVERSION = YES_AGGRESSIVE;
				CLANG_CXX_LANGUAGE_STANDARD = "gnu++20";
				CLANG_ENABLE_MODULES = YES;
				CLANG_ENABLE_OBJC_ARC = YES;
				CLANG_ENABLE_OBJC_WEAK = YES;
				CLANG_WARN_BLOCK_CAPTURE_AUTORELEASING = YES;
				CLANG_WARN_BOOL_CONVERSION = YES;
				CLANG_WARN_COMMA = YES;
				CLANG_WARN_CONSTANT_CONVERSION = YES;
				CLANG_WARN_DEPRECATED_OBJC_IMPLEMENTATIONS = YES;
				CLANG_WARN_DIRECT_OBJC_ISA_USAGE = YES_ERROR;
				CLANG_WARN_DOCUMENTATION_COMMENTS = YES;
				CLANG_WARN_EMPTY_BODY = YES;
				CLANG_WARN_ENUM_CONVERSION = YES;
				CLANG_WARN_INFINITE_RECURSION = YES;
				CLANG_WARN_INT_CONVERSION = YES;
				CLANG_WARN_NON_LITERAL_NULL_CONVERSION = YES;
				CLANG_WARN_OBJC_IMPLICIT_RETAIN_SELF = YES;
				CLANG_WARN_OBJC_LITERAL_CONVERSION = YES;
				CLANG_WARN_OBJC_ROOT_CLASS = YES_ERROR;
				CLANG_WARN_QUOTED_INCLUDE_IN_FRAMEWORK_HEADER = YES;
				CLANG_WARN_RANGE_LOOP_ANALYSIS = YES;
				CLANG_WARN_STRICT_PROTOTYPES = YES;
				CLANG_WARN_SUSPICIOUS_MOVE = YES;
				CLANG_WARN_UNGUARDED_AVAILABILITY = YES_AGGRESSIVE;
				CLANG_WARN_UNREACHABLE_CODE = YES;
				CLANG_WARN__DUPLICATE_METHOD_MATCH = YES;
				COPY_PHASE_STRIP = NO;
				DEBUG_INFORMATION_FORMAT = "dwarf-with-dsym";
				ENABLE_NS_ASSERTIONS = NO;
				ENABLE_STRICT_OBJC_MSGSEND = YES;
				ENABLE_USER_SCRIPT_SANDBOXING = YES;
				GCC_C_LANGUAGE_STANDARD = gnu17;
				GCC_NO_COMMON_BLOCKS = YES;
				GCC_WARN_64_TO_32_BIT_CONVERSION = YES;
				GCC_WARN_ABOUT_RETURN_TYPE = YES_ERROR;
				GCC_WARN_UNDECLARED_SELECTOR = YES;
				GCC_WARN_UNINITIALIZED_AUTOS = YES_AGGRESSIVE;
				GCC_WARN_UNUSED_FUNCTION = YES;
				GCC_WARN_UNUSED_VARIABLE = YES;
				IPHONEOS_DEPLOYMENT_TARGET = 17.5;
				LOCALIZATION_PREFERS_STRING_CATALOGS = YES;
				MTL_ENABLE_DEBUG_INFO = NO;
				MTL_FAST_MATH = YES;
				SDKROOT = iphoneos;
				SWIFT_COMPILATION_MODE = wholemodule;
				VALIDATE_PRODUCT = YES;
			};
			name = Release;
		};
		27A27F082C134B7100DD0F76 /* Debug */ = {
			isa = XCBuildConfiguration;
			buildSettings = {
				ASSETCATALOG_COMPILER_APPICON_NAME = AppIcon;
				ASSETCATALOG_COMPILER_GLOBAL_ACCENT_COLOR_NAME = AccentColor;
				CODE_SIGN_STYLE = Automatic;
				CURRENT_PROJECT_VERSION = 1;
				DEVELOPMENT_ASSET_PATHS = "\"TrainMyPlan/Preview Content\"";
				ENABLE_PREVIEWS = YES;
				GENERATE_INFOPLIST_FILE = YES;
				INFOPLIST_KEY_UIApplicationSceneManifest_Generation = YES;
				INFOPLIST_KEY_UIApplicationSupportsIndirectInputEvents = YES;
				INFOPLIST_KEY_UILaunchScreen_Generation = YES;
				INFOPLIST_KEY_UISupportedInterfaceOrientations_iPad = "UIInterfaceOrientationPortrait UIInterfaceOrientationPortraitUpsideDown UIInterfaceOrientationLandscapeLeft UIInterfaceOrientationLandscapeRight";
				INFOPLIST_KEY_UISupportedInterfaceOrientations_iPhone = "UIInterfaceOrientationPortrait UIInterfaceOrientationLandscapeLeft UIInterfaceOrientationLandscapeRight";
				LD_RUNPATH_SEARCH_PATHS = (
					"$(inherited)",
					"@executable_path/Frameworks",
				);
				MARKETING_VERSION = 1.0;
				PRODUCT_BUNDLE_IDENTIFIER = de.marlonklaus.TrainMyPlan;
				PRODUCT_NAME = "$(TARGET_NAME)";
				SWIFT_EMIT_LOC_STRINGS = YES;
				SWIFT_VERSION = 5.0;
				TARGETED_DEVICE_FAMILY = "1,2";
			};
			name = Debug;
		};
		27A27F092C134B7100DD0F76 /* Release */ = {
			isa = XCBuildConfiguration;
			buildSettings = {
				ASSETCATALOG_COMPILER_APPICON_NAME = AppIcon;
				ASSETCATALOG_COMPILER_GLOBAL_ACCENT_COLOR_NAME = AccentColor;
				CODE_SIGN_STYLE = Automatic;
				CURRENT_PROJECT_VERSION = 1;
				DEVELOPMENT_ASSET_PATHS = "\"TrainMyPlan/Preview Content\"";
				ENABLE_PREVIEWS = YES;
				GENERATE_INFOPLIST_FILE = YES;
				INFOPLIST_KEY_UIApplicationSceneManifest_Generation = YES;
				INFOPLIST_KEY_UIApplicationSupportsIndirectInputEvents = YES;
				INFOPLIST_KEY_UILaunchScreen_Generation = YES;
				INFOPLIST_KEY_UISupportedInterfaceOrientations_iPad = "UIInterfaceOrientationPortrait UIInterfaceOrientationPortraitUpsideDown UIInterfaceOrientationLandscapeLeft UIInterfaceOrientationLandscapeRight";
				INFOPLIST_KEY_UISupportedInterfaceOrientations_iPhone = "UIInterfaceOrientationPortrait UIInterfaceOrientationLandscapeLeft UIInterfaceOrientationLandscapeRight";
				LD_RUNPATH_SEARCH_PATHS = (
					"$(inherited)",
					"@executable_path/Frameworks",
				);
				MARKETING_VERSION = 1.0;
				PRODUCT_BUNDLE_IDENTIFIER = de.marlonklaus.TrainMyPlan;
				PRODUCT_NAME = "$(TARGET_NAME)";
				SWIFT_EMIT_LOC_STRINGS = YES;
				SWIFT_VERSION = 5.0;
				TARGETED_DEVICE_FAMILY = "1,2";
			};
			name = Release;
		};
		27A27F0B2C134B7100DD0F76 /* Debug */ = {
			isa = XCBuildConfiguration;
			buildSettings = {
				ALWAYS_EMBED_SWIFT_STANDARD_LIBRARIES = YES;
				BUNDLE_LOADER = "$(TEST_HOST)";
				CODE_SIGN_STYLE = Automatic;
				CURRENT_PROJECT_VERSION = 1;
				GENERATE_INFOPLIST_FILE = YES;
				IPHONEOS_DEPLOYMENT_TARGET = 17.5;
				MARKETING_VERSION = 1.0;
				PRODUCT_BUNDLE_IDENTIFIER = de.marlonklaus.TrainMyPlanTests;
				PRODUCT_NAME = "$(TARGET_NAME)";
				SWIFT_EMIT_LOC_STRINGS = NO;
				SWIFT_VERSION = 5.0;
				TARGETED_DEVICE_FAMILY = "1,2";
				TEST_HOST = "$(BUILT_PRODUCTS_DIR)/TrainMyPlan.app/$(BUNDLE_EXECUTABLE_FOLDER_PATH)/TrainMyPlan";
			};
			name = Debug;
		};
		27A27F0C2C134B7100DD0F76 /* Release */ = {
			isa = XCBuildConfiguration;
			buildSettings = {
				ALWAYS_EMBED_SWIFT_STANDARD_LIBRARIES = YES;
				BUNDLE_LOADER = "$(TEST_HOST)";
				CODE_SIGN_STYLE = Automatic;
				CURRENT_PROJECT_VERSION = 1;
				GENERATE_INFOPLIST_FILE = YES;
				IPHONEOS_DEPLOYMENT_TARGET = 17.5;
				MARKETING_VERSION = 1.0;
				PRODUCT_BUNDLE_IDENTIFIER = de.marlonklaus.TrainMyPlanTests;
				PRODUCT_NAME = "$(TARGET_NAME)";
				SWIFT_EMIT_LOC_STRINGS = NO;
				SWIFT_VERSION = 5.0;
				TARGETED_DEVICE_FAMILY = "1,2";
				TEST_HOST = "$(BUILT_PRODUCTS_DIR)/TrainMyPlan.app/$(BUNDLE_EXECUTABLE_FOLDER_PATH)/TrainMyPlan";
			};
			name = Release;
		};
		27A27F0E2C134B7100DD0F76 /* Debug */ = {
			isa = XCBuildConfiguration;
			buildSettings = {
				ALWAYS_EMBED_SWIFT_STANDARD_LIBRARIES = YES;
				CODE_SIGN_STYLE = Automatic;
				CURRENT_PROJECT_VERSION = 1;
				GENERATE_INFOPLIST_FILE = YES;
				MARKETING_VERSION = 1.0;
				PRODUCT_BUNDLE_IDENTIFIER = de.marlonklaus.TrainMyPlanUITests;
				PRODUCT_NAME = "$(TARGET_NAME)";
				SWIFT_EMIT_LOC_STRINGS = NO;
				SWIFT_VERSION = 5.0;
				TARGETED_DEVICE_FAMILY = "1,2";
				TEST_TARGET_NAME = TrainMyPlan;
			};
			name = Debug;
		};
		27A27F0F2C134B7100DD0F76 /* Release */ = {
			isa = XCBuildConfiguration;
			buildSettings = {
				ALWAYS_EMBED_SWIFT_STANDARD_LIBRARIES = YES;
				CODE_SIGN_STYLE = Automatic;
				CURRENT_PROJECT_VERSION = 1;
				GENERATE_INFOPLIST_FILE = YES;
				MARKETING_VERSION = 1.0;
				PRODUCT_BUNDLE_IDENTIFIER = de.marlonklaus.TrainMyPlanUITests;
				PRODUCT_NAME = "$(TARGET_NAME)";
				SWIFT_EMIT_LOC_STRINGS = NO;
				SWIFT_VERSION = 5.0;
				TARGETED_DEVICE_FAMILY = "1,2";
				TEST_TARGET_NAME = TrainMyPlan;
			};
			name = Release;
		};
/* End XCBuildConfiguration section */

/* Begin XCConfigurationList section */
		27A27EDE2C134B6F00DD0F76 /* Build configuration list for PBXProject "TrainMyPlan" */ = {
			isa = XCConfigurationList;
			buildConfigurations = (
				27A27F052C134B7100DD0F76 /* Debug */,
				27A27F062C134B7100DD0F76 /* Release */,
			);
			defaultConfigurationIsVisible = 0;
			defaultConfigurationName = Release;
		};
		27A27F072C134B7100DD0F76 /* Build configuration list for PBXNativeTarget "TrainMyPlan" */ = {
			isa = XCConfigurationList;
			buildConfigurations = (
				27A27F082C134B7100DD0F76 /* Debug */,
				27A27F092C134B7100DD0F76 /* Release */,
			);
			defaultConfigurationIsVisible = 0;
			defaultConfigurationName = Release;
		};
		27A27F0A2C134B7100DD0F76 /* Build configuration list for PBXNativeTarget "TrainMyPlanTests" */ = {
			isa = XCConfigurationList;
			buildConfigurations = (
				27A27F0B2C134B7100DD0F76 /* Debug */,
				27A27F0C2C134B7100DD0F76 /* Release */,
			);
			defaultConfigurationIsVisible = 0;
			defaultConfigurationName = Release;
		};
		27A27F0D2C134B7100DD0F76 /* Build configuration list for PBXNativeTarget "TrainMyPlanUITests" */ = {
			isa = XCConfigurationList;
			buildConfigurations = (
				27A27F0E2C134B7100DD0F76 /* Debug */,
				27A27F0F2C134B7100DD0F76 /* Release */,
			);
			defaultConfigurationIsVisible = 0;
			defaultConfigurationName = Release;
		};
/* End XCConfigurationList section */
	};
	rootObject = 27A27EDB2C134B6F00DD0F76 /* Project object */;
}
